
Microsoft Visual Studio Solution File, Format Version 12.00
# Visual Studio 15
VisualStudioVersion = 15.0.28010.2036
MinimumVisualStudioVersion = 10.0.40219.1
Project("{FAE04EC0-301F-11D3-BF4B-00C04F79EFBC}") = "ATM", "ATM\ATM.csproj", "{C577E7DA-A54A-4830-ACCB-1A0916A96594}"
EndProject
Project("{FAE04EC0-301F-11D3-BF4B-00C04F79EFBC}") = "TestATM", "TestATM\TestATM.csproj", "{85CA313A-4310-4A5D-861E-36A5D8E641F7}"
EndProject
Global
	GlobalSection(SolutionConfigurationPlatforms) = preSolution
		Debug|Any CPU = Debug|Any CPU
		Release|Any CPU = Release|Any CPU
	EndGlobalSection
	GlobalSection(ProjectConfigurationPlatforms) = postSolution
		{C577E7DA-A54A-4830-ACCB-1A0916A96594}.Debug|Any CPU.ActiveCfg = Debug|Any CPU
		{C577E7DA-A54A-4830-ACCB-1A0916A96594}.Debug|Any CPU.Build.0 = Debug|Any CPU
		{C577E7DA-A54A-4830-ACCB-1A0916A96594}.Release|Any CPU.ActiveCfg = Release|Any CPU
		{C577E7DA-A54A-4830-ACCB-1A0916A96594}.Release|Any CPU.Build.0 = Release|Any CPU
		{85CA313A-4310-4A5D-861E-36A5D8E641F7}.Debug|Any CPU.ActiveCfg = Debug|Any CPU
		{85CA313A-4310-4A5D-861E-36A5D8E641F7}.Debug|Any CPU.Build.0 = Debug|Any CPU
		{85CA313A-4310-4A5D-861E-36A5D8E641F7}.Release|Any CPU.ActiveCfg = Release|Any CPU
		{85CA313A-4310-4A5D-861E-36A5D8E641F7}.Release|Any CPU.Build.0 = Release|Any CPU
	EndGlobalSection
	GlobalSection(SolutionProperties) = preSolution
		HideSolutionNode = FALSE
	EndGlobalSection
	GlobalSection(ExtensibilityGlobals) = postSolution
		SolutionGuid = {11D48402-4B9A-407F-802A-E614A6F8631E}
	EndGlobalSection
EndGlobal
